// !$*UTF8*$!
{
	archiveVersion = 1;
	classes = {
	};
	objectVersion = 46;
	objects = {

/* Begin PBXBuildFile section */
		C3D4DA4C19E87FA3002A4558 /* main.cpp in Sources */ = {isa = PBXBuildFile; fileRef = C3D4DA4B19E87FA3002A4558 /* main.cpp */; };
/* End PBXBuildFile section */

/* Begin PBXCopyFilesBuildPhase section */
		C3D4DA4619E87FA3002A4558 /* CopyFiles */ = {
			isa = PBXCopyFilesBuildPhase;
			buildActionMask = 2147483647;
			dstPath = /usr/share/man/man1/;
			dstSubfolderSpec = 0;
			files = (
			);
			runOnlyForDeploymentPostprocessing = 1;
		};
/* End PBXCopyFilesBuildPhase section */

/* Begin PBXFileReference section */
		C3D4DA4819E87FA3002A4558 /* xcode_tmp */ = {isa = PBXFileReference; explicitFileType = "compiled.mach-o.executable"; includeInIndex = 0; path = xcode_tmp; sourceTree = BUILT_PRODUCTS_DIR; };
		C3D4DA4B19E87FA3002A4558 /* main.cpp */ = {isa = PBXFileReference; lastKnownFileType = sourcecode.cpp.cpp; path = main.cpp; sourceTree = "<group>"; };
/* End PBXFileReference section */

/* Begin PBXFrameworksBuildPhase section */
		C3D4DA4519E87FA3002A4558 /* Frameworks */ = {
			isa = PBXFrameworksBuildPhase;
			buildActionMask = 2147483647;
			files = (
			);
			runOnlyForDeploymentPostprocessing = 0;
		};
/* End PBXFrameworksBuildPhase section */

/* Begin PBXGroup section */
		C3D4DA3F19E87FA3002A4558 = {
			isa = PBXGroup;
			children = (
				C3D4DA4A19E87FA3002A4558 /* xcode_tmp */,
				C3D4DA4919E87FA3002A4558 /* Products */,
			);
			sourceTree = "<group>";
		};
		C3D4DA4919E87FA3002A4558 /* Products */ = {
			isa = PBXGroup;
			children = (
				C3D4DA4819E87FA3002A4558 /* xcode_tmp */,
			);
			name = Products;
			sourceTree = "<group>";
		};
		C3D4DA4A19E87FA3002A4558 /* xcode_tmp */ = {
			isa = PBXGroup;
			children = (
				C3D4DA4B19E87FA3002A4558 /* main.cpp */,
			);
			path = xcode_tmp;
			sourceTree = "<group>";
		};
/* End PBXGroup section */

/* Begin PBXNativeTarget section */
		C3D4DA4719E87FA3002A4558 /* xcode_tmp */ = {
			isa = PBXNativeTarget;
			buildConfigurationList = C3D4DA4F19E87FA3002A4558 /* Build configuration list for PBXNativeTarget "xcode_tmp" */;
			buildPhases = (
				C3D4DA4419E87FA3002A4558 /* Sources */,
				C3D4DA4519E87FA3002A4558 /* Frameworks */,
				C3D4DA4619E87FA3002A4558 /* CopyFiles */,
			);
			buildRules = (
			);
			dependencies = (
			);
			name = xcode_tmp;
			productName = xcode_tmp;
			productReference = C3D4DA4819E87FA3002A4558 /* xcode_tmp */;
			productType = "com.apple.product-type.tool";
		};
/* End PBXNativeTarget section */

/* Begin PBXProject section */
		C3D4DA4019E87FA3002A4558 /* Project object */ = {
			isa = PBXProject;
			attributes = {
				LastUpgradeCheck = 0600;
				ORGANIZATIONNAME = "MUC-StarChild-Mercury";
				TargetAttributes = {
					C3D4DA4719E87FA3002A4558 = {
						CreatedOnToolsVersion = 6.0.1;
					};
				};
			};
			buildConfigurationList = C3D4DA4319E87FA3002A4558 /* Build configuration list for PBXProject "xcode_tmp" */;
			compatibilityVersion = "Xcode 3.2";
			developmentRegion = English;
			hasScannedForEncodings = 0;
			knownRegions = (
				en,
			);
			mainGroup = C3D4DA3F19E87FA3002A4558;
			productRefGroup = C3D4DA4919E87FA3002A4558 /* Products */;
			projectDirPath = "";
			projectRoot = "";
			targets = (
				C3D4DA4719E87FA3002A4558 /* xcode_tmp */,
			);
		};
/* End PBXProject section */

/* Begin PBXSourcesBuildPhase section */
		C3D4DA4419E87FA3002A4558 /* Sources */ = {
			isa = PBXSourcesBuildPhase;
			buildActionMask = 2147483647;
			files = (
				C3D4DA4C19E87FA3002A4558 /* main.cpp in Sources */,
			);
			runOnlyForDeploymentPostprocessing = 0;
		};
/* End PBXSourcesBuildPhase section */

/* Begin XCBuildConfiguration section */
		C3D4DA4D19E87FA3002A4558 /* Debug */ = {
			isa = XCBuildConfiguration;
			buildSettings = {
				ALWAYS_SEARCH_USER_PATHS = NO;
				CLANG_CXX_LANGUAGE_STANDARD = "gnu++0x";
				CLANG_CXX_LIBRARY = "libc++";
				CLANG_ENABLE_MODULES = YES;
				CLANG_ENABLE_OBJC_ARC = YES;
				CLANG_WARN_BOOL_CONVERSION = YES;
				CLANG_WARN_CONSTANT_CONVERSION = YES;
				CLANG_WARN_DIRECT_OBJC_ISA_USAGE = YES_ERROR;
				CLANG_WARN_EMPTY_BODY = YES;
				CLANG_WARN_ENUM_CONVERSION = YES;
				CLANG_WARN_INT_CONVERSION = YES;
				CLANG_WARN_OBJC_ROOT_CLASS = YES_ERROR;
				CLANG_WARN_UNREACHABLE_CODE = YES;
				CLANG_WARN__DUPLICATE_METHOD_MATCH = YES;
				COPY_PHASE_STRIP = NO;
				ENABLE_STRICT_OBJC_MSGSEND = YES;
				GCC_C_LANGUAGE_STANDARD = gnu99;
				GCC_DYNAMIC_NO_PIC = NO;
				GCC_OPTIMIZATION_LEVEL = 0;
				GCC_PREPROCESSOR_DEFINITIONS = (
					"DEBUG=1",
					"$(inherited)",
				);
				GCC_SYMBOLS_PRIVATE_EXTERN = NO;
				GCC_WARN_64_TO_32_BIT_CONVERSION = YES;
				GCC_WARN_ABOUT_RETURN_TYPE = YES_ERROR;
				GCC_WARN_UNDECLARED_SELECTOR = YES;
				GCC_WARN_UNINITIALIZED_AUTOS = YES_AGGRESSIVE;
				GCC_WARN_UNUSED_FUNCTION = YES;
				GCC_WARN_UNUSED_VARIABLE = YES;
				MACOSX_DEPLOYMENT_TARGET = 10.9;
				MTL_ENABLE_DEBUG_INFO = YES;
				ONLY_ACTIVE_ARCH = YES;
				SDKROOT = macosx;
			};
			name = Debug;
		};
		C3D4DA4E19E87FA3002A4558 /* Release */ = {
			isa = XCBuildConfiguration;
			buildSettings = {
				ALWAYS_SEARCH_USER_PATHS = NO;
				CLANG_CXX_LANGUAGE_STANDARD = "gnu++0x";
				CLANG_CXX_LIBRARY = "libc++";
				CLANG_ENABLE_MODULES = YES;
				CLANG_ENABLE_OBJC_ARC = YES;
				CLANG_WARN_BOOL_CONVERSION = YES;
				CLANG_WARN_CONSTANT_CONVERSION = YES;
				CLANG_WARN_DIRECT_OBJC_ISA_USAGE = YES_ERROR;
				CLANG_WARN_EMPTY_BODY = YES;
				CLANG_WARN_ENUM_CONVERSION = YES;
				CLANG_WARN_INT_CONVERSION = YES;
				CLANG_WARN_OBJC_ROOT_CLASS = YES_ERROR;
				CLANG_WARN_UNREACHABLE_CODE = YES;
				CLANG_WARN__DUPLICATE_METHOD_MATCH = YES;
				COPY_PHASE_STRIP = YES;
				DEBUG_INFORMATION_FORMAT = "dwarf-with-dsym";
				ENABLE_NS_ASSERTIONS = NO;
				ENABLE_STRICT_OBJC_MSGSEND = YES;
				GCC_C_LANGUAGE_STANDARD = gnu99;
				GCC_WARN_64_TO_32_BIT_CONVERSION = YES;
				GCC_WARN_ABOUT_RETURN_TYPE = YES_ERROR;
				GCC_WARN_UNDECLARED_SELECTOR = YES;
				GCC_WARN_UNINITIALIZED_AUTOS = YES_AGGRESSIVE;
				GCC_WARN_UNUSED_FUNCTION = YES;
				GCC_WARN_UNUSED_VARIABLE = YES;
				MACOSX_DEPLOYMENT_TARGET = 10.9;
				MTL_ENABLE_DEBUG_INFO = NO;
				SDKROOT = macosx;
			};
			name = Release;
		};
		C3D4DA5019E87FA3002A4558 /* Debug */ = {
			isa = XCBuildConfiguration;
			buildSettings = {
				PRODUCT_NAME = "$(TARGET_NAME)";
			};
			name = Debug;
		};
		C3D4DA5119E87FA3002A4558 /* Release */ = {
			isa = XCBuildConfiguration;
			buildSettings = {
				PRODUCT_NAME = "$(TARGET_NAME)";
			};
			name = Release;
		};
/* End XCBuildConfiguration section */

/* Begin XCConfigurationList section */
		C3D4DA4319E87FA3002A4558 /* Build configuration list for PBXProject "xcode_tmp" */ = {
			isa = XCConfigurationList;
			buildConfigurations = (
				C3D4DA4D19E87FA3002A4558 /* Debug */,
				C3D4DA4E19E87FA3002A4558 /* Release */,
			);
			defaultConfigurationIsVisible = 0;
			defaultConfigurationName = Release;
		};
		C3D4DA4F19E87FA3002A4558 /* Build configuration list for PBXNativeTarget "xcode_tmp" */ = {
			isa = XCConfigurationList;
			buildConfigurations = (
				C3D4DA5019E87FA3002A4558 /* Debug */,
				C3D4DA5119E87FA3002A4558 /* Release */,
			);
			defaultConfigurationIsVisible = 0;
		};
/* End XCConfigurationList section */
	};
	rootObject = C3D4DA4019E87FA3002A4558 /* Project object */;
}
